Microsoft Visual Studio Solution File, Format Version 12.00
# Visual Studio 15
VisualStudioVersion = 15.0.27130.2036
MinimumVisualStudioVersion = 10.0.40219.1
Project("{FAE04EC0-301F-11D3-BF4B-00C04F79EFBC}") = "AnnexioWebApp", "AnnexioWebApp\AnnexioWebApp.csproj", "{816D69A7-C26E-49A1-B174-187834D67795}"
EndProject
Project("{FAE04EC0-301F-11D3-BF4B-00C04F79EFBC}") = "AnnexioWebApp.iOS", "iOS\AnnexioWebApp.iOS.csproj", "{59A8916C-55E2-4F4D-9EC7-55B4047E9B04}"
EndProject
Project("{FAE04EC0-301F-11D3-BF4B-00C04F79EFBC}") = "AnnexioWebApp.Droid", "Droid\AnnexioWebApp.Droid.csproj", "{1A6CEDB7-606E-49BD-AE11-ECC30D5F8517}"
EndProject
Global
	GlobalSection(SolutionConfigurationPlatforms) = preSolution
		Debug|Any CPU = Debug|Any CPU
		Debug|iPhone = Debug|iPhone
		Debug|iPhoneSimulator = Debug|iPhoneSimulator
		Release|Any CPU = Release|Any CPU
		Release|iPhone = Release|iPhone
		Release|iPhoneSimulator = Release|iPhoneSimulator
	EndGlobalSection
	GlobalSection(ProjectConfigurationPlatforms) = postSolution
		{816D69A7-C26E-49A1-B174-187834D67795}.Debug|Any CPU.ActiveCfg = Debug|Any CPU
		{816D69A7-C26E-49A1-B174-187834D67795}.Debug|Any CPU.Build.0 = Debug|Any CPU
		{816D69A7-C26E-49A1-B174-187834D67795}.Debug|iPhone.ActiveCfg = Debug|Any CPU
		{816D69A7-C26E-49A1-B174-187834D67795}.Debug|iPhone.Build.0 = Debug|Any CPU
		{816D69A7-C26E-49A1-B174-187834D67795}.Debug|iPhoneSimulator.ActiveCfg = Debug|Any CPU
		{816D69A7-C26E-49A1-B174-187834D67795}.Debug|iPhoneSimulator.Build.0 = Debug|Any CPU
		{816D69A7-C26E-49A1-B174-187834D67795}.Release|Any CPU.ActiveCfg = Release|Any CPU
		{816D69A7-C26E-49A1-B174-187834D67795}.Release|Any CPU.Build.0 = Release|Any CPU
		{816D69A7-C26E-49A1-B174-187834D67795}.Release|iPhone.ActiveCfg = Release|Any CPU
		{816D69A7-C26E-49A1-B174-187834D67795}.Release|iPhone.Build.0 = Release|Any CPU
		{816D69A7-C26E-49A1-B174-187834D67795}.Release|iPhoneSimulator.ActiveCfg = Release|Any CPU
		{816D69A7-C26E-49A1-B174-187834D67795}.Release|iPhoneSimulator.Build.0 = Release|Any CPU
		{59A8916C-55E2-4F4D-9EC7-55B4047E9B04}.Debug|Any CPU.ActiveCfg = Debug|iPhoneSimulator
		{59A8916C-55E2-4F4D-9EC7-55B4047E9B04}.Debug|Any CPU.Build.0 = Debug|iPhoneSimulator
		{59A8916C-55E2-4F4D-9EC7-55B4047E9B04}.Debug|iPhone.ActiveCfg = Release|iPhone
		{59A8916C-55E2-4F4D-9EC7-55B4047E9B04}.Debug|iPhone.Build.0 = Release|iPhone
		{59A8916C-55E2-4F4D-9EC7-55B4047E9B04}.Debug|iPhoneSimulator.ActiveCfg = Release|iPhone
		{59A8916C-55E2-4F4D-9EC7-55B4047E9B04}.Debug|iPhoneSimulator.Build.0 = Release|iPhone
		{59A8916C-55E2-4F4D-9EC7-55B4047E9B04}.Release|Any CPU.ActiveCfg = Release|iPhone
		{59A8916C-55E2-4F4D-9EC7-55B4047E9B04}.Release|Any CPU.Build.0 = Release|iPhone
		{59A8916C-55E2-4F4D-9EC7-55B4047E9B04}.Release|iPhone.ActiveCfg = Release|iPhone
		{59A8916C-55E2-4F4D-9EC7-55B4047E9B04}.Release|iPhone.Build.0 = Release|iPhone
		{59A8916C-55E2-4F4D-9EC7-55B4047E9B04}.Release|iPhoneSimulator.ActiveCfg = Release|iPhoneSimulator
		{59A8916C-55E2-4F4D-9EC7-55B4047E9B04}.Release|iPhoneSimulator.Build.0 = Release|iPhoneSimulator
		{1A6CEDB7-606E-49BD-AE11-ECC30D5F8517}.Debug|Any CPU.ActiveCfg = Debug|Any CPU
		{1A6CEDB7-606E-49BD-AE11-ECC30D5F8517}.Debug|Any CPU.Build.0 = Debug|Any CPU
		{1A6CEDB7-606E-49BD-AE11-ECC30D5F8517}.Debug|Any CPU.Deploy.0 = Debug|Any CPU
		{1A6CEDB7-606E-49BD-AE11-ECC30D5F8517}.Debug|iPhone.ActiveCfg = Debug|Any CPU
		{1A6CEDB7-606E-49BD-AE11-ECC30D5F8517}.Debug|iPhone.Build.0 = Debug|Any CPU
		{1A6CEDB7-606E-49BD-AE11-ECC30D5F8517}.Debug|iPhoneSimulator.ActiveCfg = Debug|Any CPU
		{1A6CEDB7-606E-49BD-AE11-ECC30D5F8517}.Debug|iPhoneSimulator.Build.0 = Debug|Any CPU
		{1A6CEDB7-606E-49BD-AE11-ECC30D5F8517}.Debug|iPhoneSimulator.Deploy.0 = Debug|Any CPU
		{1A6CEDB7-606E-49BD-AE11-ECC30D5F8517}.Release|Any CPU.ActiveCfg = Release|Any CPU
		{1A6CEDB7-606E-49BD-AE11-ECC30D5F8517}.Release|Any CPU.Build.0 = Release|Any CPU
		{1A6CEDB7-606E-49BD-AE11-ECC30D5F8517}.Release|iPhone.ActiveCfg = Release|Any CPU
		{1A6CEDB7-606E-49BD-AE11-ECC30D5F8517}.Release|iPhone.Build.0 = Release|Any CPU
		{1A6CEDB7-606E-49BD-AE11-ECC30D5F8517}.Release|iPhoneSimulator.ActiveCfg = Release|Any CPU
		{1A6CEDB7-606E-49BD-AE11-ECC30D5F8517}.Release|iPhoneSimulator.Build.0 = Release|Any CPU
	EndGlobalSection
	GlobalSection(SolutionProperties) = preSolution
		HideSolutionNode = FALSE
	EndGlobalSection
	GlobalSection(ExtensibilityGlobals) = postSolution
		SolutionGuid = {F931DE9B-B7A4-4304-9A72-078337119A45}
	EndGlobalSection
EndGlobal
